
Microsoft Visual Studio Solution File, Format Version 11.00
# Visual Studio 2010
Project("{FAE04EC0-301F-11D3-BF4B-00C04F79EFBC}") = "FP.Droid", "FP.Droid\FP.Droid.csproj", "{214BC721-99B5-4919-93D9-AE2257961464}"
EndProject
Global
	GlobalSection(SolutionConfigurationPlatforms) = preSolution
		Debug|Any CPU = Debug|Any CPU
		Release|Any CPU = Release|Any CPU
	EndGlobalSection
	GlobalSection(ProjectConfigurationPlatforms) = postSolution
		{214BC721-99B5-4919-93D9-AE2257961464}.Debug|Any CPU.ActiveCfg = Debug|Any CPU
		{214BC721-99B5-4919-93D9-AE2257961464}.Debug|Any CPU.Build.0 = Debug|Any CPU
		{214BC721-99B5-4919-93D9-AE2257961464}.Release|Any CPU.ActiveCfg = Release|Any CPU
		{214BC721-99B5-4919-93D9-AE2257961464}.Release|Any CPU.Build.0 = Release|Any CPU
	EndGlobalSection
	GlobalSection(MonoDevelopProperties) = preSolution
		StartupItem = FP.Droid\FP.Droid.csproj
	EndGlobalSection
EndGlobal
